PODS:
  - Alamofire (4.6.0)
  - Bolts (1.9.0):
    - Bolts/AppLinks (= 1.9.0)
    - Bolts/Tasks (= 1.9.0)
  - Bolts/AppLinks (1.9.0):
    - Bolts/Tasks
  - Bolts/Tasks (1.9.0)
  - Charts (3.0.5):
    - Charts/Core (= 3.0.5)
  - Charts/Core (3.0.5)
  - Crashlytics (3.9.3):
    - Fabric (~> 1.7.2)
  - DropDown (2.3.1)
  - Fabric (1.7.2)
  - FacebookCore (0.3.0):
    - Bolts (~> 1.8)
    - FBSDKCoreKit (~> 4.27)
  - FacebookLogin (0.3.0):
    - Bolts (~> 1.8)
    - FacebookCore (~> 0.3)
    - FBSDKCoreKit (~> 4.27)
    - FBSDKLoginKit (~> 4.27)
  - FacebookShare (0.3.0):
    - Bolts (~> 1.8)
    - FacebookCore (~> 0.3)
    - FBSDKCoreKit (~> 4.27)
    - FBSDKShareKit (~> 4.27)
  - FBSDKCoreKit (4.29.0):
    - Bolts (~> 1.7)
  - FBSDKLoginKit (4.29.0):
    - FBSDKCoreKit
  - FBSDKShareKit (4.29.0):
    - FBSDKCoreKit
  - Firebase/Auth (4.8.1):
    - Firebase/Core
    - FirebaseAuth (= 4.4.2)
  - Firebase/Core (4.8.1):
    - FirebaseAnalytics (= 4.0.7)
    - FirebaseCore (= 4.0.14)
  - Firebase/Crash (4.8.1):
    - Firebase/Core
    - FirebaseCrash (= 2.0.2)
  - Firebase/Database (4.8.1):
    - Firebase/Core
    - FirebaseDatabase (= 4.1.4)
  - Firebase/Messaging (4.8.1):
    - Firebase/Core
    - FirebaseMessaging (= 2.0.8)
  - Firebase/Storage (4.8.1):
    - Firebase/Core
    - FirebaseStorage (= 2.1.2)
  - FirebaseAnalytics (4.0.7):
    - FirebaseCore (~> 4.0)
    - FirebaseInstanceID (~> 2.0)
    - GoogleToolboxForMac/NSData+zlib (~> 2.1)
    - nanopb (~> 0.3)
  - FirebaseAuth (4.4.2):
    - FirebaseAnalytics (~> 4.0)
    - GoogleToolboxForMac/NSDictionary+URLArguments (~> 2.1)
    - GTMSessionFetcher/Core (~> 1.1)
  - FirebaseCore (4.0.14):
    - GoogleToolboxForMac/NSData+zlib (~> 2.1)
  - FirebaseCrash (2.0.2):
    - FirebaseAnalytics (~> 4.0)
    - FirebaseInstanceID (~> 2.0)
    - GoogleToolboxForMac/Logger (~> 2.1)
    - GoogleToolboxForMac/NSData+zlib (~> 2.1)
    - Protobuf (~> 3.1)
  - FirebaseDatabase (4.1.4):
    - FirebaseAnalytics (~> 4.0)
    - FirebaseCore (~> 4.0)
    - leveldb-library (~> 1.18)
  - FirebaseInstanceID (2.0.8):
    - FirebaseCore (~> 4.0)
  - FirebaseMessaging (2.0.8):
    - FirebaseAnalytics (~> 4.0)
    - FirebaseCore (~> 4.0)
    - FirebaseInstanceID (~> 2.0)
    - GoogleToolboxForMac/Logger (~> 2.1)
    - Protobuf (~> 3.1)
  - FirebaseStorage (2.1.2):
    - FirebaseAnalytics (~> 4.0)
    - FirebaseCore (~> 4.0)
    - GTMSessionFetcher/Core (~> 1.1)
  - Google/Core (2.0.4):
    - GoogleInterchangeUtilities (~> 1.0)
    - GoogleNetworkingUtilities (~> 1.0)
    - GoogleSymbolUtilities (~> 1.0)
    - GoogleUtilities (~> 1.1)
  - Google/SignIn (2.0.4):
    - Google/Core
    - GoogleSignIn (~> 3.0)
  - GoogleAppUtilities (1.1.2):
    - GoogleSymbolUtilities (~> 1.1)
  - GoogleAuthUtilities (2.0.2):
    - GoogleNetworkingUtilities (~> 1.2)
    - GoogleSymbolUtilities (~> 1.1)
  - GoogleInterchangeUtilities (1.2.2):
    - GoogleSymbolUtilities (~> 1.1)
  - GoogleMaps (2.5.0):
    - GoogleMaps/Maps (= 2.5.0)
  - GoogleMaps/Base (2.5.0)
  - GoogleMaps/Maps (2.5.0):
    - GoogleMaps/Base
  - GoogleNetworkingUtilities (1.2.2):
    - GoogleSymbolUtilities (~> 1.1)
  - GooglePlacePicker (2.5.0):
    - GoogleMaps (= 2.5.0)
    - GooglePlaces (= 2.5.0)
  - GooglePlaces (2.5.0):
    - GoogleMaps/Base (= 2.5.0)
  - GoogleSignIn (3.0.0):
    - GoogleAppUtilities (~> 1.0)
    - GoogleAuthUtilities (~> 2.0)
    - GoogleNetworkingUtilities (~> 1.0)
    - GoogleUtilities (~> 1.0)
  - GoogleSymbolUtilities (1.1.2)
  - GoogleToolboxForMac/DebugUtils (2.1.3):
    - GoogleToolboxForMac/Defines (= 2.1.3)
  - GoogleToolboxForMac/Defines (2.1.3)
  - GoogleToolboxForMac/Logger (2.1.3):
    - GoogleToolboxForMac/Defines (= 2.1.3)
  - GoogleToolboxForMac/NSData+zlib (2.1.3):
    - GoogleToolboxForMac/Defines (= 2.1.3)
  - GoogleToolboxForMac/NSDictionary+URLArguments (2.1.3):
    - GoogleToolboxForMac/DebugUtils (= 2.1.3)
    - GoogleToolboxForMac/Defines (= 2.1.3)
    - GoogleToolboxForMac/NSString+URLArguments (= 2.1.3)
  - GoogleToolboxForMac/NSString+URLArguments (2.1.3)
  - GoogleUtilities (1.3.2):
    - GoogleSymbolUtilities (~> 1.1)
  - GTMSessionFetcher/Core (1.1.12)
  - IQKeyboardManagerSwift (5.0.7)
  - JDStatusBarNotification (1.5.6)
  - leveldb-library (1.20)
  - nanopb (0.3.8):
    - nanopb/decode (= 0.3.8)
    - nanopb/encode (= 0.3.8)
  - nanopb/decode (0.3.8)
  - nanopb/encode (0.3.8)
  - Protobuf (3.5.0)
  - SDWebImage (4.2.3):
    - SDWebImage/Core (= 4.2.3)
  - SDWebImage/Core (4.2.3)
  - SwiftyJSON (4.0.0)
  - SwipeCellKit (2.0.1)
  - TwitterCore (3.1.0)
  - TwitterKit (3.3.0):
    - TwitterCore (>= 3.1.0)
  - UITextView+Placeholder (1.2.0)
  - WARangeSlider (1.1.1)

DEPENDENCIES:
  - Alamofire (~> 4.5)
  - Charts
  - Crashlytics
  - DropDown
  - Fabric
  - FacebookCore
  - FacebookLogin
  - FacebookShare
  - Firebase/Auth
  - Firebase/Core
  - Firebase/Crash
  - Firebase/Database
  - Firebase/Messaging
  - Firebase/Storage
  - Google/SignIn
  - GoogleMaps
  - GooglePlacePicker
  - GooglePlaces
  - IQKeyboardManagerSwift
  - JDStatusBarNotification
  - SDWebImage
  - SwiftyJSON
  - SwipeCellKit
  - TwitterKit
  - UITextView+Placeholder
  - WARangeSlider

SPEC CHECKSUMS:
  Alamofire: f41a599bd63041760b26d393ec1069d9d7b917f4
  Bolts: ac6567323eac61e203f6a9763667d0f711be34c8
  Charts: 45cdc985b764c838b35ee47eb1365d15735f6d1a
  Crashlytics: dbb07d01876c171c5ccbdf7826410380189e452c
  DropDown: 20499c7b2731b0d21609af924e47c7677a2be50d
  Fabric: 9cd6a848efcf1b8b07497e0b6a2e7d336353ba15
  FacebookCore: 3ffa190a3f1f96cec0e44d3fc221bc322c595ffa
  FacebookLogin: 0af839ea858faef99550d16596b87b4a8e8906e6
  FacebookShare: 0469964297ebd75f052be2c5083389a4208e82b7
  FBSDKCoreKit: 6f139173dc63a1deaff4430a55f2fe5bb222d2af
  FBSDKLoginKit: 56a057ca6822535ea0faa25f57a7c41edb697fd4
  FBSDKShareKit: 18a2cd118aef11dd657fe7e8b64bae5c719088b2
  Firebase: 2721056b8885eef90233b03f37be64358d35d262
  FirebaseAnalytics: 617afa8c26b57a0c3f11361b248bc9e17bfd8dfd
  FirebaseAuth: bd2738c5c1e92b108ba5f7f7335908097a4e50bb
  FirebaseCore: 2e0b98fb2d64ca8140136beff15772bdd14d2dd7
  FirebaseCrash: cded0fc566c03651aea606a101bc156085f333ca
  FirebaseDatabase: de4446507ccd3257fca37d16f40e1540324571fd
  FirebaseInstanceID: 81df5805a08001e69138664bdd02c6719a9ac80f
  FirebaseMessaging: dfdcd307c2382290a1e297a81d0f18370f5b1bcd
  FirebaseStorage: 181bb543d39ee3c53e0558de7ba86b1286a0427f
  Google: d536877ec602555b755cc28ce6fed104825c693c
  GoogleAppUtilities: a8a552aa74f6597f805e45b5a3962766c3134973
  GoogleAuthUtilities: ccad2e0a9284699973ff57c0dd24c3893657fda4
  GoogleInterchangeUtilities: d5bc4d88d5b661ab72f9d70c58d02ca8c27ad1f7
  GoogleMaps: c087b8e5dfe87ca6ebf59adb9b4894a4146bec4f
  GoogleNetworkingUtilities: 3edd3a8161347494f2da60ea0deddc8a472d94cb
  GooglePlacePicker: 1573e644ab54564d95c2643edc0f29091609e966
  GooglePlaces: dd70d9d71ea1c7944846afe67de3712c99b30a77
  GoogleSignIn: 3d571172b8603be39dcb1705d8217146bb76fe62
  GoogleSymbolUtilities: 631ee17048aa5e9ab133470d768ea997a5ef9b96
  GoogleToolboxForMac: 2501e2ad72a52eb3dfe7bd9aee7dad11b858bd20
  GoogleUtilities: 8bbc733218aad26306f9d4a253823986110e3358
  GTMSessionFetcher: ebaa1f79a5366922c1735f1566901f50beba23b7
  IQKeyboardManagerSwift: 30fb3a61de1af53a95e02b80fb54ed0a19d5ede5
  JDStatusBarNotification: d5829a8f2f291b23b8a54b87fac8bf2549945a2f
  leveldb-library: 08cba283675b7ed2d99629a4bc5fd052cd2bb6a5
  nanopb: 5601e6bca2dbf1ed831b519092ec110f66982ca3
  Protobuf: 8a9838fba8dae3389230e1b7f8c104aa32389c03
  SDWebImage: 791bb72962b3492327ddcac4b1880bd1b5458431
  SwiftyJSON: 070dabdcb1beb81b247c65ffa3a79dbbfb3b48aa
  SwipeCellKit: 76888d93d1843dc568fdf38fff21b15dbbcf6b28
  TwitterCore: 644d59e75abccb26cf0a9050d2c4dea0e5412241
  TwitterKit: a2e60ddcedbf54091eac6f27685ca7a87681e1d7
  UITextView+Placeholder: 77680995fcdd07c3f52ec92fe1150874a2ac89ff
  WARangeSlider: 54b3e0853b8d16c444fd539005901aecee86837d

PODFILE CHECKSUM: 5f75daaa6b7d80faf9b368b8daa728e397f91f77

COCOAPODS: 1.4.0
